
Microsoft Visual Studio Solution File, Format Version 12.00
# Visual Studio Version 18
VisualStudioVersion = 18.3.11505.172 d18.3
MinimumVisualStudioVersion = 10.0.40219.1
Project("{2150E333-8FDC-42A3-9474-1A3956D46DE8}") = "src", "src", "{827E0CD3-B72D-47B6-A68D-7590B98EB39B}"
EndProject
Project("{FAE04EC0-301F-11D3-BF4B-00C04F79EFBC}") = "SportsAggregator.AppHost", "src\SportsAggregator.AppHost\SportsAggregator.AppHost.csproj", "{EE9A1719-437D-462D-8458-16027455285B}"
EndProject
Project("{FAE04EC0-301F-11D3-BF4B-00C04F79EFBC}") = "SportsAggregator.ServiceDefaults", "src\SportsAggregator.ServiceDefaults\SportsAggregator.ServiceDefaults.csproj", "{040CC485-4C0A-4CE7-9122-E18BE2EB0F7F}"
EndProject
Project("{FAE04EC0-301F-11D3-BF4B-00C04F79EFBC}") = "SportsAggregator.Domain", "src\SportsAggregator.Domain\SportsAggregator.Domain.csproj", "{37080EE9-25BA-4CA6-AF01-19989D5A4680}"
EndProject
Project("{FAE04EC0-301F-11D3-BF4B-00C04F79EFBC}") = "SportsAggregator.Infrastructure", "src\SportsAggregator.Infrastructure\SportsAggregator.Infrastructure.csproj", "{FE0BFA08-30E4-443A-95A4-7A29B5D2BB91}"
EndProject
Project("{FAE04EC0-301F-11D3-BF4B-00C04F79EFBC}") = "SportsAggregator.Api", "src\SportsAggregator.Api\SportsAggregator.Api.csproj", "{32E93AAE-876F-4952-B19E-0EB82F0723B3}"
EndProject
Project("{FAE04EC0-301F-11D3-BF4B-00C04F79EFBC}") = "SportsAggregator.Ingestion", "src\SportsAggregator.Ingestion\SportsAggregator.Ingestion.csproj", "{59B41734-A09F-4B9F-A603-4F62BC3F8F50}"
EndProject
Project("{FAE04EC0-301F-11D3-BF4B-00C04F79EFBC}") = "SportsAggregator.GameProcessor", "src\SportsAggregator.GameProcessor\SportsAggregator.GameProcessor.csproj", "{6673BD7A-87AF-4C42-93D5-DD18A65AEEB2}"
EndProject
Project("{2150E333-8FDC-42A3-9474-1A3956D46DE8}") = "tests", "tests", "{0AB3BF05-4346-4AA6-1389-037BE0695223}"
EndProject
Project("{FAE04EC0-301F-11D3-BF4B-00C04F79EFBC}") = "SportsAggregator.Domain.Tests", "tests\SportsAggregator.Domain.Tests\SportsAggregator.Domain.Tests.csproj", "{D190F3D3-18B0-4308-86A2-76558DEAE2BE}"
EndProject
Project("{FAE04EC0-301F-11D3-BF4B-00C04F79EFBC}") = "SportsAggregator.Infrastructure.Tests", "tests\SportsAggregator.Infrastructure.Tests\SportsAggregator.Infrastructure.Tests.csproj", "{8854B8AE-53BD-442E-B52F-A0967209F5C0}"
EndProject
Project("{FAE04EC0-301F-11D3-BF4B-00C04F79EFBC}") = "SportsAggregator.GameProcessor.Tests", "tests\SportsAggregator.GameProcessor.Tests\SportsAggregator.GameProcessor.Tests.csproj", "{3B7B788C-8C33-4284-82D0-5FAC3EB9FF25}"
EndProject
Project("{FAE04EC0-301F-11D3-BF4B-00C04F79EFBC}") = "SportsAggregator.Api.Tests", "tests\SportsAggregator.Api.Tests\SportsAggregator.Api.Tests.csproj", "{82932BE3-DFEF-42F2-9C2B-D31AD27143DB}"
EndProject
Project("{FAE04EC0-301F-11D3-BF4B-00C04F79EFBC}") = "SportsAggregator.AppHost.Tests", "tests\SportsAggregator.AppHost.Tests\SportsAggregator.AppHost.Tests.csproj", "{2D659CF7-61B7-43A7-BBC9-2EA794503C56}"
EndProject
Project("{FAE04EC0-301F-11D3-BF4B-00C04F79EFBC}") = "SportsAggregator.DbMigrationService", "src\SportsAggregator.DbMigrationService\SportsAggregator.DbMigrationService.csproj", "{A2D72394-B85E-4125-B2AA-967118F50EA6}"
EndProject
Project("{2150E333-8FDC-42A3-9474-1A3956D46DE8}") = "__SolutionItems", "__SolutionItems", "{98556D20-A19D-441C-A31A-58EFA3136219}"
	ProjectSection(SolutionItems) = preProject
		Directory.Build.props = Directory.Build.props
		Directory.Packages.props = Directory.Packages.props
	EndProjectSection
EndProject
Global
	GlobalSection(SolutionConfigurationPlatforms) = preSolution
		Debug|Any CPU = Debug|Any CPU
		Debug|x64 = Debug|x64
		Debug|x86 = Debug|x86
		Release|Any CPU = Release|Any CPU
		Release|x64 = Release|x64
		Release|x86 = Release|x86
	EndGlobalSection
	GlobalSection(ProjectConfigurationPlatforms) = postSolution
		{EE9A1719-437D-462D-8458-16027455285B}.Debug|Any CPU.ActiveCfg = Debug|Any CPU
		{EE9A1719-437D-462D-8458-16027455285B}.Debug|Any CPU.Build.0 = Debug|Any CPU
		{EE9A1719-437D-462D-8458-16027455285B}.Debug|x64.ActiveCfg = Debug|Any CPU
		{EE9A1719-437D-462D-8458-16027455285B}.Debug|x64.Build.0 = Debug|Any CPU
		{EE9A1719-437D-462D-8458-16027455285B}.Debug|x86.ActiveCfg = Debug|Any CPU
		{EE9A1719-437D-462D-8458-16027455285B}.Debug|x86.Build.0 = Debug|Any CPU
		{EE9A1719-437D-462D-8458-16027455285B}.Release|Any CPU.ActiveCfg = Release|Any CPU
		{EE9A1719-437D-462D-8458-16027455285B}.Release|Any CPU.Build.0 = Release|Any CPU
		{EE9A1719-437D-462D-8458-16027455285B}.Release|x64.ActiveCfg = Release|Any CPU
		{EE9A1719-437D-462D-8458-16027455285B}.Release|x64.Build.0 = Release|Any CPU
		{EE9A1719-437D-462D-8458-16027455285B}.Release|x86.ActiveCfg = Release|Any CPU
		{EE9A1719-437D-462D-8458-16027455285B}.Release|x86.Build.0 = Release|Any CPU
		{040CC485-4C0A-4CE7-9122-E18BE2EB0F7F}.Debug|Any CPU.ActiveCfg = Debug|Any CPU
		{040CC485-4C0A-4CE7-9122-E18BE2EB0F7F}.Debug|Any CPU.Build.0 = Debug|Any CPU
		{040CC485-4C0A-4CE7-9122-E18BE2EB0F7F}.Debug|x64.ActiveCfg = Debug|Any CPU
		{040CC485-4C0A-4CE7-9122-E18BE2EB0F7F}.Debug|x64.Build.0 = Debug|Any CPU
		{040CC485-4C0A-4CE7-9122-E18BE2EB0F7F}.Debug|x86.ActiveCfg = Debug|Any CPU
		{040CC485-4C0A-4CE7-9122-E18BE2EB0F7F}.Debug|x86.Build.0 = Debug|Any CPU
		{040CC485-4C0A-4CE7-9122-E18BE2EB0F7F}.Release|Any CPU.ActiveCfg = Release|Any CPU
		{040CC485-4C0A-4CE7-9122-E18BE2EB0F7F}.Release|Any CPU.Build.0 = Release|Any CPU
		{040CC485-4C0A-4CE7-9122-E18BE2EB0F7F}.Release|x64.ActiveCfg = Release|Any CPU
		{040CC485-4C0A-4CE7-9122-E18BE2EB0F7F}.Release|x64.Build.0 = Release|Any CPU
		{040CC485-4C0A-4CE7-9122-E18BE2EB0F7F}.Release|x86.ActiveCfg = Release|Any CPU
		{040CC485-4C0A-4CE7-9122-E18BE2EB0F7F}.Release|x86.Build.0 = Release|Any CPU
		{37080EE9-25BA-4CA6-AF01-19989D5A4680}.Debug|Any CPU.ActiveCfg = Debug|Any CPU
		{37080EE9-25BA-4CA6-AF01-19989D5A4680}.Debug|Any CPU.Build.0 = Debug|Any CPU
		{37080EE9-25BA-4CA6-AF01-19989D5A4680}.Debug|x64.ActiveCfg = Debug|Any CPU
		{37080EE9-25BA-4CA6-AF01-19989D5A4680}.Debug|x64.Build.0 = Debug|Any CPU
		{37080EE9-25BA-4CA6-AF01-19989D5A4680}.Debug|x86.ActiveCfg = Debug|Any CPU
		{37080EE9-25BA-4CA6-AF01-19989D5A4680}.Debug|x86.Build.0 = Debug|Any CPU
		{37080EE9-25BA-4CA6-AF01-19989D5A4680}.Release|Any CPU.ActiveCfg = Release|Any CPU
		{37080EE9-25BA-4CA6-AF01-19989D5A4680}.Release|Any CPU.Build.0 = Release|Any CPU
		{37080EE9-25BA-4CA6-AF01-19989D5A4680}.Release|x64.ActiveCfg = Release|Any CPU
		{37080EE9-25BA-4CA6-AF01-19989D5A4680}.Release|x64.Build.0 = Release|Any CPU
		{37080EE9-25BA-4CA6-AF01-19989D5A4680}.Release|x86.ActiveCfg = Release|Any CPU
		{37080EE9-25BA-4CA6-AF01-19989D5A4680}.Release|x86.Build.0 = Release|Any CPU
		{FE0BFA08-30E4-443A-95A4-7A29B5D2BB91}.Debug|Any CPU.ActiveCfg = Debug|Any CPU
		{FE0BFA08-30E4-443A-95A4-7A29B5D2BB91}.Debug|Any CPU.Build.0 = Debug|Any CPU
		{FE0BFA08-30E4-443A-95A4-7A29B5D2BB91}.Debug|x64.ActiveCfg = Debug|Any CPU
		{FE0BFA08-30E4-443A-95A4-7A29B5D2BB91}.Debug|x64.Build.0 = Debug|Any CPU
		{FE0BFA08-30E4-443A-95A4-7A29B5D2BB91}.Debug|x86.ActiveCfg = Debug|Any CPU
		{FE0BFA08-30E4-443A-95A4-7A29B5D2BB91}.Debug|x86.Build.0 = Debug|Any CPU
		{FE0BFA08-30E4-443A-95A4-7A29B5D2BB91}.Release|Any CPU.ActiveCfg = Release|Any CPU
		{FE0BFA08-30E4-443A-95A4-7A29B5D2BB91}.Release|Any CPU.Build.0 = Release|Any CPU
		{FE0BFA08-30E4-443A-95A4-7A29B5D2BB91}.Release|x64.ActiveCfg = Release|Any CPU
		{FE0BFA08-30E4-443A-95A4-7A29B5D2BB91}.Release|x64.Build.0 = Release|Any CPU
		{FE0BFA08-30E4-443A-95A4-7A29B5D2BB91}.Release|x86.ActiveCfg = Release|Any CPU
		{FE0BFA08-30E4-443A-95A4-7A29B5D2BB91}.Release|x86.Build.0 = Release|Any CPU
		{32E93AAE-876F-4952-B19E-0EB82F0723B3}.Debug|Any CPU.ActiveCfg = Debug|Any CPU
		{32E93AAE-876F-4952-B19E-0EB82F0723B3}.Debug|Any CPU.Build.0 = Debug|Any CPU
		{32E93AAE-876F-4952-B19E-0EB82F0723B3}.Debug|x64.ActiveCfg = Debug|Any CPU
		{32E93AAE-876F-4952-B19E-0EB82F0723B3}.Debug|x64.Build.0 = Debug|Any CPU
		{32E93AAE-876F-4952-B19E-0EB82F0723B3}.Debug|x86.ActiveCfg = Debug|Any CPU
		{32E93AAE-876F-4952-B19E-0EB82F0723B3}.Debug|x86.Build.0 = Debug|Any CPU
		{32E93AAE-876F-4952-B19E-0EB82F0723B3}.Release|Any CPU.ActiveCfg = Release|Any CPU
		{32E93AAE-876F-4952-B19E-0EB82F0723B3}.Release|Any CPU.Build.0 = Release|Any CPU
		{32E93AAE-876F-4952-B19E-0EB82F0723B3}.Release|x64.ActiveCfg = Release|Any CPU
		{32E93AAE-876F-4952-B19E-0EB82F0723B3}.Release|x64.Build.0 = Release|Any CPU
		{32E93AAE-876F-4952-B19E-0EB82F0723B3}.Release|x86.ActiveCfg = Release|Any CPU
		{32E93AAE-876F-4952-B19E-0EB82F0723B3}.Release|x86.Build.0 = Release|Any CPU
		{59B41734-A09F-4B9F-A603-4F62BC3F8F50}.Debug|Any CPU.ActiveCfg = Debug|Any CPU
		{59B41734-A09F-4B9F-A603-4F62BC3F8F50}.Debug|Any CPU.Build.0 = Debug|Any CPU
		{59B41734-A09F-4B9F-A603-4F62BC3F8F50}.Debug|x64.ActiveCfg = Debug|Any CPU
		{59B41734-A09F-4B9F-A603-4F62BC3F8F50}.Debug|x64.Build.0 = Debug|Any CPU
		{59B41734-A09F-4B9F-A603-4F62BC3F8F50}.Debug|x86.ActiveCfg = Debug|Any CPU
		{59B41734-A09F-4B9F-A603-4F62BC3F8F50}.Debug|x86.Build.0 = Debug|Any CPU
		{59B41734-A09F-4B9F-A603-4F62BC3F8F50}.Release|Any CPU.ActiveCfg = Release|Any CPU
		{59B41734-A09F-4B9F-A603-4F62BC3F8F50}.Release|Any CPU.Build.0 = Release|Any CPU
		{59B41734-A09F-4B9F-A603-4F62BC3F8F50}.Release|x64.ActiveCfg = Release|Any CPU
		{59B41734-A09F-4B9F-A603-4F62BC3F8F50}.Release|x64.Build.0 = Release|Any CPU
		{59B41734-A09F-4B9F-A603-4F62BC3F8F50}.Release|x86.ActiveCfg = Release|Any CPU
		{59B41734-A09F-4B9F-A603-4F62BC3F8F50}.Release|x86.Build.0 = Release|Any CPU
		{6673BD7A-87AF-4C42-93D5-DD18A65AEEB2}.Debug|Any CPU.ActiveCfg = Debug|Any CPU
		{6673BD7A-87AF-4C42-93D5-DD18A65AEEB2}.Debug|Any CPU.Build.0 = Debug|Any CPU
		{6673BD7A-87AF-4C42-93D5-DD18A65AEEB2}.Debug|x64.ActiveCfg = Debug|Any CPU
		{6673BD7A-87AF-4C42-93D5-DD18A65AEEB2}.Debug|x64.Build.0 = Debug|Any CPU
		{6673BD7A-87AF-4C42-93D5-DD18A65AEEB2}.Debug|x86.ActiveCfg = Debug|Any CPU
		{6673BD7A-87AF-4C42-93D5-DD18A65AEEB2}.Debug|x86.Build.0 = Debug|Any CPU
		{6673BD7A-87AF-4C42-93D5-DD18A65AEEB2}.Release|Any CPU.ActiveCfg = Release|Any CPU
		{6673BD7A-87AF-4C42-93D5-DD18A65AEEB2}.Release|Any CPU.Build.0 = Release|Any CPU
		{6673BD7A-87AF-4C42-93D5-DD18A65AEEB2}.Release|x64.ActiveCfg = Release|Any CPU
		{6673BD7A-87AF-4C42-93D5-DD18A65AEEB2}.Release|x64.Build.0 = Release|Any CPU
		{6673BD7A-87AF-4C42-93D5-DD18A65AEEB2}.Release|x86.ActiveCfg = Release|Any CPU
		{6673BD7A-87AF-4C42-93D5-DD18A65AEEB2}.Release|x86.Build.0 = Release|Any CPU
		{D190F3D3-18B0-4308-86A2-76558DEAE2BE}.Debug|Any CPU.ActiveCfg = Debug|Any CPU
		{D190F3D3-18B0-4308-86A2-76558DEAE2BE}.Debug|Any CPU.Build.0 = Debug|Any CPU
		{D190F3D3-18B0-4308-86A2-76558DEAE2BE}.Debug|x64.ActiveCfg = Debug|Any CPU
		{D190F3D3-18B0-4308-86A2-76558DEAE2BE}.Debug|x64.Build.0 = Debug|Any CPU
		{D190F3D3-18B0-4308-86A2-76558DEAE2BE}.Debug|x86.ActiveCfg = Debug|Any CPU
		{D190F3D3-18B0-4308-86A2-76558DEAE2BE}.Debug|x86.Build.0 = Debug|Any CPU
		{D190F3D3-18B0-4308-86A2-76558DEAE2BE}.Release|Any CPU.ActiveCfg = Release|Any CPU
		{D190F3D3-18B0-4308-86A2-76558DEAE2BE}.Release|Any CPU.Build.0 = Release|Any CPU
		{D190F3D3-18B0-4308-86A2-76558DEAE2BE}.Release|x64.ActiveCfg = Release|Any CPU
		{D190F3D3-18B0-4308-86A2-76558DEAE2BE}.Release|x64.Build.0 = Release|Any CPU
		{D190F3D3-18B0-4308-86A2-76558DEAE2BE}.Release|x86.ActiveCfg = Release|Any CPU
		{D190F3D3-18B0-4308-86A2-76558DEAE2BE}.Release|x86.Build.0 = Release|Any CPU
		{8854B8AE-53BD-442E-B52F-A0967209F5C0}.Debug|Any CPU.ActiveCfg = Debug|Any CPU
		{8854B8AE-53BD-442E-B52F-A0967209F5C0}.Debug|Any CPU.Build.0 = Debug|Any CPU
		{8854B8AE-53BD-442E-B52F-A0967209F5C0}.Debug|x64.ActiveCfg = Debug|Any CPU
		{8854B8AE-53BD-442E-B52F-A0967209F5C0}.Debug|x64.Build.0 = Debug|Any CPU
		{8854B8AE-53BD-442E-B52F-A0967209F5C0}.Debug|x86.ActiveCfg = Debug|Any CPU
		{8854B8AE-53BD-442E-B52F-A0967209F5C0}.Debug|x86.Build.0 = Debug|Any CPU
		{8854B8AE-53BD-442E-B52F-A0967209F5C0}.Release|Any CPU.ActiveCfg = Release|Any CPU
		{8854B8AE-53BD-442E-B52F-A0967209F5C0}.Release|Any CPU.Build.0 = Release|Any CPU
		{8854B8AE-53BD-442E-B52F-A0967209F5C0}.Release|x64.ActiveCfg = Release|Any CPU
		{8854B8AE-53BD-442E-B52F-A0967209F5C0}.Release|x64.Build.0 = Release|Any CPU
		{8854B8AE-53BD-442E-B52F-A0967209F5C0}.Release|x86.ActiveCfg = Release|Any CPU
		{8854B8AE-53BD-442E-B52F-A0967209F5C0}.Release|x86.Build.0 = Release|Any CPU
		{3B7B788C-8C33-4284-82D0-5FAC3EB9FF25}.Debug|Any CPU.ActiveCfg = Debug|Any CPU
		{3B7B788C-8C33-4284-82D0-5FAC3EB9FF25}.Debug|Any CPU.Build.0 = Debug|Any CPU
		{3B7B788C-8C33-4284-82D0-5FAC3EB9FF25}.Debug|x64.ActiveCfg = Debug|Any CPU
		{3B7B788C-8C33-4284-82D0-5FAC3EB9FF25}.Debug|x64.Build.0 = Debug|Any CPU
		{3B7B788C-8C33-4284-82D0-5FAC3EB9FF25}.Debug|x86.ActiveCfg = Debug|Any CPU
		{3B7B788C-8C33-4284-82D0-5FAC3EB9FF25}.Debug|x86.Build.0 = Debug|Any CPU
		{3B7B788C-8C33-4284-82D0-5FAC3EB9FF25}.Release|Any CPU.ActiveCfg = Release|Any CPU
		{3B7B788C-8C33-4284-82D0-5FAC3EB9FF25}.Release|Any CPU.Build.0 = Release|Any CPU
		{3B7B788C-8C33-4284-82D0-5FAC3EB9FF25}.Release|x64.ActiveCfg = Release|Any CPU
		{3B7B788C-8C33-4284-82D0-5FAC3EB9FF25}.Release|x64.Build.0 = Release|Any CPU
		{3B7B788C-8C33-4284-82D0-5FAC3EB9FF25}.Release|x86.ActiveCfg = Release|Any CPU
		{3B7B788C-8C33-4284-82D0-5FAC3EB9FF25}.Release|x86.Build.0 = Release|Any CPU
		{82932BE3-DFEF-42F2-9C2B-D31AD27143DB}.Debug|Any CPU.ActiveCfg = Debug|Any CPU
		{82932BE3-DFEF-42F2-9C2B-D31AD27143DB}.Debug|Any CPU.Build.0 = Debug|Any CPU
		{82932BE3-DFEF-42F2-9C2B-D31AD27143DB}.Debug|x64.ActiveCfg = Debug|Any CPU
		{82932BE3-DFEF-42F2-9C2B-D31AD27143DB}.Debug|x64.Build.0 = Debug|Any CPU
		{82932BE3-DFEF-42F2-9C2B-D31AD27143DB}.Debug|x86.ActiveCfg = Debug|Any CPU
		{82932BE3-DFEF-42F2-9C2B-D31AD27143DB}.Debug|x86.Build.0 = Debug|Any CPU
		{82932BE3-DFEF-42F2-9C2B-D31AD27143DB}.Release|Any CPU.ActiveCfg = Release|Any CPU
		{82932BE3-DFEF-42F2-9C2B-D31AD27143DB}.Release|Any CPU.Build.0 = Release|Any CPU
		{82932BE3-DFEF-42F2-9C2B-D31AD27143DB}.Release|x64.ActiveCfg = Release|Any CPU
		{82932BE3-DFEF-42F2-9C2B-D31AD27143DB}.Release|x64.Build.0 = Release|Any CPU
		{82932BE3-DFEF-42F2-9C2B-D31AD27143DB}.Release|x86.ActiveCfg = Release|Any CPU
		{82932BE3-DFEF-42F2-9C2B-D31AD27143DB}.Release|x86.Build.0 = Release|Any CPU
		{2D659CF7-61B7-43A7-BBC9-2EA794503C56}.Debug|Any CPU.ActiveCfg = Debug|Any CPU
		{2D659CF7-61B7-43A7-BBC9-2EA794503C56}.Debug|Any CPU.Build.0 = Debug|Any CPU
		{2D659CF7-61B7-43A7-BBC9-2EA794503C56}.Debug|x64.ActiveCfg = Debug|Any CPU
		{2D659CF7-61B7-43A7-BBC9-2EA794503C56}.Debug|x64.Build.0 = Debug|Any CPU
		{2D659CF7-61B7-43A7-BBC9-2EA794503C56}.Debug|x86.ActiveCfg = Debug|Any CPU
		{2D659CF7-61B7-43A7-BBC9-2EA794503C56}.Debug|x86.Build.0 = Debug|Any CPU
		{2D659CF7-61B7-43A7-BBC9-2EA794503C56}.Release|Any CPU.ActiveCfg = Release|Any CPU
		{2D659CF7-61B7-43A7-BBC9-2EA794503C56}.Release|Any CPU.Build.0 = Release|Any CPU
		{2D659CF7-61B7-43A7-BBC9-2EA794503C56}.Release|x64.ActiveCfg = Release|Any CPU
		{2D659CF7-61B7-43A7-BBC9-2EA794503C56}.Release|x64.Build.0 = Release|Any CPU
		{2D659CF7-61B7-43A7-BBC9-2EA794503C56}.Release|x86.ActiveCfg = Release|Any CPU
		{2D659CF7-61B7-43A7-BBC9-2EA794503C56}.Release|x86.Build.0 = Release|Any CPU
		{A2D72394-B85E-4125-B2AA-967118F50EA6}.Debug|Any CPU.ActiveCfg = Debug|Any CPU
		{A2D72394-B85E-4125-B2AA-967118F50EA6}.Debug|Any CPU.Build.0 = Debug|Any CPU
		{A2D72394-B85E-4125-B2AA-967118F50EA6}.Debug|x64.ActiveCfg = Debug|Any CPU
		{A2D72394-B85E-4125-B2AA-967118F50EA6}.Debug|x64.Build.0 = Debug|Any CPU
		{A2D72394-B85E-4125-B2AA-967118F50EA6}.Debug|x86.ActiveCfg = Debug|Any CPU
		{A2D72394-B85E-4125-B2AA-967118F50EA6}.Debug|x86.Build.0 = Debug|Any CPU
		{A2D72394-B85E-4125-B2AA-967118F50EA6}.Release|Any CPU.ActiveCfg = Release|Any CPU
		{A2D72394-B85E-4125-B2AA-967118F50EA6}.Release|Any CPU.Build.0 = Release|Any CPU
		{A2D72394-B85E-4125-B2AA-967118F50EA6}.Release|x64.ActiveCfg = Release|Any CPU
		{A2D72394-B85E-4125-B2AA-967118F50EA6}.Release|x64.Build.0 = Release|Any CPU
		{A2D72394-B85E-4125-B2AA-967118F50EA6}.Release|x86.ActiveCfg = Release|Any CPU
		{A2D72394-B85E-4125-B2AA-967118F50EA6}.Release|x86.Build.0 = Release|Any CPU
	EndGlobalSection
	GlobalSection(SolutionProperties) = preSolution
		HideSolutionNode = FALSE
	EndGlobalSection
	GlobalSection(NestedProjects) = preSolution
		{EE9A1719-437D-462D-8458-16027455285B} = {827E0CD3-B72D-47B6-A68D-7590B98EB39B}
		{040CC485-4C0A-4CE7-9122-E18BE2EB0F7F} = {827E0CD3-B72D-47B6-A68D-7590B98EB39B}
		{37080EE9-25BA-4CA6-AF01-19989D5A4680} = {827E0CD3-B72D-47B6-A68D-7590B98EB39B}
		{FE0BFA08-30E4-443A-95A4-7A29B5D2BB91} = {827E0CD3-B72D-47B6-A68D-7590B98EB39B}
		{32E93AAE-876F-4952-B19E-0EB82F0723B3} = {827E0CD3-B72D-47B6-A68D-7590B98EB39B}
		{59B41734-A09F-4B9F-A603-4F62BC3F8F50} = {827E0CD3-B72D-47B6-A68D-7590B98EB39B}
		{6673BD7A-87AF-4C42-93D5-DD18A65AEEB2} = {827E0CD3-B72D-47B6-A68D-7590B98EB39B}
		{D190F3D3-18B0-4308-86A2-76558DEAE2BE} = {0AB3BF05-4346-4AA6-1389-037BE0695223}
		{8854B8AE-53BD-442E-B52F-A0967209F5C0} = {0AB3BF05-4346-4AA6-1389-037BE0695223}
		{3B7B788C-8C33-4284-82D0-5FAC3EB9FF25} = {0AB3BF05-4346-4AA6-1389-037BE0695223}
		{82932BE3-DFEF-42F2-9C2B-D31AD27143DB} = {0AB3BF05-4346-4AA6-1389-037BE0695223}
		{2D659CF7-61B7-43A7-BBC9-2EA794503C56} = {0AB3BF05-4346-4AA6-1389-037BE0695223}
		{A2D72394-B85E-4125-B2AA-967118F50EA6} = {827E0CD3-B72D-47B6-A68D-7590B98EB39B}
	EndGlobalSection
	GlobalSection(ExtensibilityGlobals) = postSolution
		SolutionGuid = {BC9CB056-CE98-4843-A8E4-3146B684790D}
	EndGlobalSection
EndGlobal
